
Microsoft Visual Studio Solution File, Format Version 12.00
# Visual Studio Version 17
VisualStudioVersion = 17.8.34330.188
MinimumVisualStudioVersion = 10.0.40219.1
Project("{FAE04EC0-301F-11D3-BF4B-00C04F79EFBC}") = "Presentation", "Presentation\Presentation.csproj", "{9BEF6908-BB9D-45E3-AA1B-EAAB6BAE0B62}"
EndProject
Project("{FAE04EC0-301F-11D3-BF4B-00C04F79EFBC}") = "Common", "Common\Common.csproj", "{BADEDEE9-3991-4506-A875-E47BB725B252}"
EndProject
Project("{FAE04EC0-301F-11D3-BF4B-00C04F79EFBC}") = "DataAccess", "DataAccess\DataAccess.csproj", "{988D37CE-7EDA-43C6-87DD-DDA1A149F7E2}"
EndProject
Global
	GlobalSection(SolutionConfigurationPlatforms) = preSolution
		Debug|Any CPU = Debug|Any CPU
		Release|Any CPU = Release|Any CPU
	EndGlobalSection
	GlobalSection(ProjectConfigurationPlatforms) = postSolution
		{9BEF6908-BB9D-45E3-AA1B-EAAB6BAE0B62}.Debug|Any CPU.ActiveCfg = Debug|Any CPU
		{9BEF6908-BB9D-45E3-AA1B-EAAB6BAE0B62}.Debug|Any CPU.Build.0 = Debug|Any CPU
		{9BEF6908-BB9D-45E3-AA1B-EAAB6BAE0B62}.Release|Any CPU.ActiveCfg = Release|Any CPU
		{9BEF6908-BB9D-45E3-AA1B-EAAB6BAE0B62}.Release|Any CPU.Build.0 = Release|Any CPU
		{BADEDEE9-3991-4506-A875-E47BB725B252}.Debug|Any CPU.ActiveCfg = Debug|Any CPU
		{BADEDEE9-3991-4506-A875-E47BB725B252}.Debug|Any CPU.Build.0 = Debug|Any CPU
		{BADEDEE9-3991-4506-A875-E47BB725B252}.Release|Any CPU.ActiveCfg = Release|Any CPU
		{BADEDEE9-3991-4506-A875-E47BB725B252}.Release|Any CPU.Build.0 = Release|Any CPU
		{988D37CE-7EDA-43C6-87DD-DDA1A149F7E2}.Debug|Any CPU.ActiveCfg = Debug|Any CPU
		{988D37CE-7EDA-43C6-87DD-DDA1A149F7E2}.Debug|Any CPU.Build.0 = Debug|Any CPU
		{988D37CE-7EDA-43C6-87DD-DDA1A149F7E2}.Release|Any CPU.ActiveCfg = Release|Any CPU
		{988D37CE-7EDA-43C6-87DD-DDA1A149F7E2}.Release|Any CPU.Build.0 = Release|Any CPU
	EndGlobalSection
	GlobalSection(SolutionProperties) = preSolution
		HideSolutionNode = FALSE
	EndGlobalSection
	GlobalSection(ExtensibilityGlobals) = postSolution
		SolutionGuid = {045BFA94-4E4F-496D-9A82-53AC2E277BAD}
	EndGlobalSection
EndGlobal
