
Microsoft Visual Studio Solution File, Format Version 12.00
# Visual Studio Version 17
VisualStudioVersion = 17.8.34330.188
MinimumVisualStudioVersion = 10.0.40219.1
Project("{FAE04EC0-301F-11D3-BF4B-00C04F79EFBC}") = "Common", "Common\Common.csproj", "{2067BCDF-8886-430B-A2A1-03D48A64A477}"
EndProject
Project("{FAE04EC0-301F-11D3-BF4B-00C04F79EFBC}") = "DataAccess", "DataAccess\DataAccess.csproj", "{7D3C1520-5150-44D6-8A01-1DCB077E92D1}"
EndProject
Project("{FAE04EC0-301F-11D3-BF4B-00C04F79EFBC}") = "Presentation", "Presentation\Presentation.csproj", "{1DB3DCA9-06FE-41F5-8D23-2C242779CB88}"
EndProject
Global
	GlobalSection(SolutionConfigurationPlatforms) = preSolution
		Debug|Any CPU = Debug|Any CPU
		Release|Any CPU = Release|Any CPU
	EndGlobalSection
	GlobalSection(ProjectConfigurationPlatforms) = postSolution
		{2067BCDF-8886-430B-A2A1-03D48A64A477}.Debug|Any CPU.ActiveCfg = Debug|Any CPU
		{2067BCDF-8886-430B-A2A1-03D48A64A477}.Debug|Any CPU.Build.0 = Debug|Any CPU
		{2067BCDF-8886-430B-A2A1-03D48A64A477}.Release|Any CPU.ActiveCfg = Release|Any CPU
		{2067BCDF-8886-430B-A2A1-03D48A64A477}.Release|Any CPU.Build.0 = Release|Any CPU
		{7D3C1520-5150-44D6-8A01-1DCB077E92D1}.Debug|Any CPU.ActiveCfg = Debug|Any CPU
		{7D3C1520-5150-44D6-8A01-1DCB077E92D1}.Debug|Any CPU.Build.0 = Debug|Any CPU
		{7D3C1520-5150-44D6-8A01-1DCB077E92D1}.Release|Any CPU.ActiveCfg = Release|Any CPU
		{7D3C1520-5150-44D6-8A01-1DCB077E92D1}.Release|Any CPU.Build.0 = Release|Any CPU
		{1DB3DCA9-06FE-41F5-8D23-2C242779CB88}.Debug|Any CPU.ActiveCfg = Debug|Any CPU
		{1DB3DCA9-06FE-41F5-8D23-2C242779CB88}.Debug|Any CPU.Build.0 = Debug|Any CPU
		{1DB3DCA9-06FE-41F5-8D23-2C242779CB88}.Release|Any CPU.ActiveCfg = Release|Any CPU
		{1DB3DCA9-06FE-41F5-8D23-2C242779CB88}.Release|Any CPU.Build.0 = Release|Any CPU
	EndGlobalSection
	GlobalSection(SolutionProperties) = preSolution
		HideSolutionNode = FALSE
	EndGlobalSection
	GlobalSection(ExtensibilityGlobals) = postSolution
		SolutionGuid = {160AD100-7916-47D5-8ECF-3A4C2E231414}
	EndGlobalSection
EndGlobal
